
Microsoft Visual Studio Solution File, Format Version 12.00
# Visual Studio Version 16
VisualStudioVersion = 16.0.30011.22
MinimumVisualStudioVersion = 10.0.40219.1
Project("{FAE04EC0-301F-11D3-BF4B-00C04F79EFBC}") = "wdos", "wdos\wdos.csproj", "{DBCB89AA-2198-4A1C-8D0F-1739B234016F}"
EndProject
Global
	GlobalSection(SolutionConfigurationPlatforms) = preSolution
		Debug|Any CPU = Debug|Any CPU
		Release|Any CPU = Release|Any CPU
	EndGlobalSection
	GlobalSection(ProjectConfigurationPlatforms) = postSolution
		{DBCB89AA-2198-4A1C-8D0F-1739B234016F}.Debug|Any CPU.ActiveCfg = Debug|Any CPU
		{DBCB89AA-2198-4A1C-8D0F-1739B234016F}.Debug|Any CPU.Build.0 = Debug|Any CPU
		{DBCB89AA-2198-4A1C-8D0F-1739B234016F}.Release|Any CPU.ActiveCfg = Release|Any CPU
		{DBCB89AA-2198-4A1C-8D0F-1739B234016F}.Release|Any CPU.Build.0 = Release|Any CPU
	EndGlobalSection
	GlobalSection(SolutionProperties) = preSolution
		HideSolutionNode = FALSE
	EndGlobalSection
	GlobalSection(ExtensibilityGlobals) = postSolution
		SolutionGuid = {1B3006F5-25E4-4877-9FE6-E75394F3E148}
	EndGlobalSection
EndGlobal
